PODS:
  - Expecta (1.0.6)
  - SocketRocket (0.5.1)
  - Specta (1.0.7)
  - ZumoKit (1.0):
    - SocketRocket (~> 0.5.1)

DEPENDENCIES:
  - Expecta
  - Specta
  - ZumoKit (from `../`)

SPEC REPOS:
  trunk:
    - Expecta
    - SocketRocket
    - Specta

EXTERNAL SOURCES:
  ZumoKit:
    :path: "../"

SPEC CHECKSUMS:
  Expecta: 3b6bd90a64b9a1dcb0b70aa0e10a7f8f631667d5
  SocketRocket: d57c7159b83c3c6655745cd15302aa24b6bae531
  Specta: 3e1bd89c3517421982dc4d1c992503e48bd5fe66
  ZumoKit: c749a1b52e75c0bb7a081e02531045cdd075b91b

PODFILE CHECKSUM: b2f027117f155668e02deb2c60aa9a58269adfd5

COCOAPODS: 1.9.3
