PODS:
  - Expecta (1.0.6)
  - SocketRocket (0.6.0)
  - Specta (1.0.7)
  - ZumoKit (4.3.0-alpha.1):
    - SocketRocket (~> 0.6.0)

DEPENDENCIES:
  - Expecta
  - Specta
  - ZumoKit (from `../`)

SPEC REPOS:
  trunk:
    - Expecta
    - SocketRocket
    - Specta

EXTERNAL SOURCES:
  ZumoKit:
    :path: "../"

SPEC CHECKSUMS:
  Expecta: 3b6bd90a64b9a1dcb0b70aa0e10a7f8f631667d5
  SocketRocket: fccef3f9c5cedea1353a9ef6ada904fde10d6608
  Specta: 3e1bd89c3517421982dc4d1c992503e48bd5fe66
  ZumoKit: cc3f2c84c00f8441bde97fb4e027b05f412d9840

PODFILE CHECKSUM: 1e25bc0900de2a671f2757a6361cf86d81d5fc0e

COCOAPODS: 1.11.3
